
Microsoft Visual Studio Solution File, Format Version 12.00
# Visual Studio Version 16
VisualStudioVersion = 16.0.31424.327
MinimumVisualStudioVersion = 10.0.40219.1
Project("{FAE04EC0-301F-11D3-BF4B-00C04F79EFBC}") = "Blazor.Crud.Mudblazor", "Blazor.Crud.Mudblazor\Blazor.Crud.Mudblazor.csproj", "{9EFD853A-ED02-4BC3-84B0-FB4902B86287}"
EndProject
Global
	GlobalSection(SolutionConfigurationPlatforms) = preSolution
		Debug|Any CPU = Debug|Any CPU
		Release|Any CPU = Release|Any CPU
	EndGlobalSection
	GlobalSection(ProjectConfigurationPlatforms) = postSolution
		{9EFD853A-ED02-4BC3-84B0-FB4902B86287}.Debug|Any CPU.ActiveCfg = Debug|Any CPU
		{9EFD853A-ED02-4BC3-84B0-FB4902B86287}.Debug|Any CPU.Build.0 = Debug|Any CPU
		{9EFD853A-ED02-4BC3-84B0-FB4902B86287}.Release|Any CPU.ActiveCfg = Release|Any CPU
		{9EFD853A-ED02-4BC3-84B0-FB4902B86287}.Release|Any CPU.Build.0 = Release|Any CPU
	EndGlobalSection
	GlobalSection(SolutionProperties) = preSolution
		HideSolutionNode = FALSE
	EndGlobalSection
	GlobalSection(ExtensibilityGlobals) = postSolution
		SolutionGuid = {8B51ACA5-1FF0-4E35-9BA3-01DE901D24F4}
	EndGlobalSection
EndGlobal
